
Microsoft Visual Studio Solution File, Format Version 12.00
# Visual Studio Version 17
VisualStudioVersion = 17.14.37027.9 d17.14
MinimumVisualStudioVersion = 10.0.40219.1
Project("{FAE04EC0-301F-11D3-BF4B-00C04F79EFBC}") = "MemmoApi", "MemmoApi.csproj", "{426AB15D-6062-4B39-BDA3-1C0622B81DA8}"
EndProject
Global
	GlobalSection(SolutionConfigurationPlatforms) = preSolution
		Debug|Any CPU = Debug|Any CPU
		Release|Any CPU = Release|Any CPU
	EndGlobalSection
	GlobalSection(ProjectConfigurationPlatforms) = postSolution
		{426AB15D-6062-4B39-BDA3-1C0622B81DA8}.Debug|Any CPU.ActiveCfg = Debug|Any CPU
		{426AB15D-6062-4B39-BDA3-1C0622B81DA8}.Debug|Any CPU.Build.0 = Debug|Any CPU
		{426AB15D-6062-4B39-BDA3-1C0622B81DA8}.Release|Any CPU.ActiveCfg = Release|Any CPU
		{426AB15D-6062-4B39-BDA3-1C0622B81DA8}.Release|Any CPU.Build.0 = Release|Any CPU
	EndGlobalSection
	GlobalSection(SolutionProperties) = preSolution
		HideSolutionNode = FALSE
	EndGlobalSection
	GlobalSection(ExtensibilityGlobals) = postSolution
		SolutionGuid = {C7A8D139-DCF7-4086-A510-FB71095A9631}
	EndGlobalSection
EndGlobal
